
Microsoft Visual Studio Solution File, Format Version 12.00
# Visual Studio Version 17
VisualStudioVersion = 17.5.33424.131
MinimumVisualStudioVersion = 10.0.40219.1
Project("{9A19103F-16F7-4668-BE54-9A1E7A4F7556}") = "BlogDataLibrary", "BlogDataLibrary\BlogDataLibrary.csproj", "{43AAD92B-81CF-4571-A2A1-4E827D663171}"
EndProject
Project("{00D1A9C2-B5F0-4AF3-8072-F6C62B433612}") = "AngelesBlogDB", "AngelesBlogDB\AngelesBlogDB.sqlproj", "{9DB2CB39-CE03-4753-9E1E-B1E5C723AF36}"
EndProject
Project("{9A19103F-16F7-4668-BE54-9A1E7A4F7556}") = "BlogTestUI", "BlogTestUI\BlogTestUI.csproj", "{E999D6F9-E48C-4DEF-8EB5-6AA7A352A414}"
EndProject
Project("{FAE04EC0-301F-11D3-BF4B-00C04F79EFBC}") = "BlogAPI", "BlogAPI\BlogAPI.csproj", "{D963274F-730A-4C99-ABB2-0B728D592967}"
EndProject
Global
	GlobalSection(SolutionConfigurationPlatforms) = preSolution
		Debug|Any CPU = Debug|Any CPU
		Release|Any CPU = Release|Any CPU
	EndGlobalSection
	GlobalSection(ProjectConfigurationPlatforms) = postSolution
		{43AAD92B-81CF-4571-A2A1-4E827D663171}.Debug|Any CPU.ActiveCfg = Debug|Any CPU
		{43AAD92B-81CF-4571-A2A1-4E827D663171}.Debug|Any CPU.Build.0 = Debug|Any CPU
		{43AAD92B-81CF-4571-A2A1-4E827D663171}.Release|Any CPU.ActiveCfg = Release|Any CPU
		{43AAD92B-81CF-4571-A2A1-4E827D663171}.Release|Any CPU.Build.0 = Release|Any CPU
		{9DB2CB39-CE03-4753-9E1E-B1E5C723AF36}.Debug|Any CPU.ActiveCfg = Debug|Any CPU
		{9DB2CB39-CE03-4753-9E1E-B1E5C723AF36}.Debug|Any CPU.Build.0 = Debug|Any CPU
		{9DB2CB39-CE03-4753-9E1E-B1E5C723AF36}.Debug|Any CPU.Deploy.0 = Debug|Any CPU
		{9DB2CB39-CE03-4753-9E1E-B1E5C723AF36}.Release|Any CPU.ActiveCfg = Release|Any CPU
		{9DB2CB39-CE03-4753-9E1E-B1E5C723AF36}.Release|Any CPU.Build.0 = Release|Any CPU
		{9DB2CB39-CE03-4753-9E1E-B1E5C723AF36}.Release|Any CPU.Deploy.0 = Release|Any CPU
		{E999D6F9-E48C-4DEF-8EB5-6AA7A352A414}.Debug|Any CPU.ActiveCfg = Debug|Any CPU
		{E999D6F9-E48C-4DEF-8EB5-6AA7A352A414}.Debug|Any CPU.Build.0 = Debug|Any CPU
		{E999D6F9-E48C-4DEF-8EB5-6AA7A352A414}.Release|Any CPU.ActiveCfg = Release|Any CPU
		{E999D6F9-E48C-4DEF-8EB5-6AA7A352A414}.Release|Any CPU.Build.0 = Release|Any CPU
		{D963274F-730A-4C99-ABB2-0B728D592967}.Debug|Any CPU.ActiveCfg = Debug|Any CPU
		{D963274F-730A-4C99-ABB2-0B728D592967}.Debug|Any CPU.Build.0 = Debug|Any CPU
		{D963274F-730A-4C99-ABB2-0B728D592967}.Release|Any CPU.ActiveCfg = Release|Any CPU
		{D963274F-730A-4C99-ABB2-0B728D592967}.Release|Any CPU.Build.0 = Release|Any CPU
	EndGlobalSection
	GlobalSection(SolutionProperties) = preSolution
		HideSolutionNode = FALSE
	EndGlobalSection
	GlobalSection(ExtensibilityGlobals) = postSolution
		SolutionGuid = {E2E1E6BC-EA29-410B-8922-1D2E283FFCA3}
	EndGlobalSection
EndGlobal
